PODS:
  - audioplayers_darwin (0.0.1):
    - Flutter
    - FlutterMacOS
  - Firebase/CoreOnly (12.18.0):
    - FirebaseCore (~> 12.18.0)
  - Firebase/RemoteConfig (12.18.0):
    - Firebase/CoreOnly
    - FirebaseRemoteConfig (~> 12.18.0)
  - firebase_core (4.14.0):
    - Firebase/CoreOnly (= 12.18.0)
    - Flutter
  - firebase_remote_config (6.6.0):
    - Firebase/RemoteConfig (= 12.18.0)
    - firebase_core
    - Flutter
  - FirebaseABTesting (12.18.0):
    - FirebaseCore (~> 12.18.0)
  - FirebaseCore (12.18.0):
    - FirebaseCoreInternal (~> 12.18.0)
    - GoogleUtilities/Environment (~> 8.1)
    - GoogleUtilities/Logger (~> 8.1)
  - FirebaseCoreInternal (12.18.0):
    - "GoogleUtilities/NSData+zlib (~> 8.1)"
  - FirebaseInstallations (12.18.0):
    - FirebaseCore (~> 12.18.0)
    - GoogleUtilities/Environment (~> 8.1)
    - GoogleUtilities/UserDefaults (~> 8.1)
    - PromisesObjC (~> 2.4)
  - FirebaseRemoteConfig (12.18.0):
    - FirebaseABTesting (~> 12.18.0)
    - FirebaseCore (~> 12.18.0)
    - FirebaseInstallations (~> 12.18.0)
    - FirebaseRemoteConfigInterop (~> 12.18.0)
    - FirebaseSharedSwift (~> 12.18.0)
    - GoogleUtilities/Environment (~> 8.1)
    - "GoogleUtilities/NSData+zlib (~> 8.1)"
  - FirebaseRemoteConfigInterop (12.18.0)
  - FirebaseSharedSwift (12.18.0)
  - Flutter (1.0.0)
  - Google-Mobile-Ads-SDK (13.9.0):
    - GoogleUserMessagingPlatform (>= 1.1)
  - google_mobile_ads (9.1.0):
    - Flutter
    - Google-Mobile-Ads-SDK (~> 13.7)
    - webview_flutter_wkwebview
  - GoogleUserMessagingPlatform (3.1.0)
  - GoogleUtilities/Environment (8.1.3):
    - GoogleUtilities/Privacy
  - GoogleUtilities/Logger (8.1.3):
    - GoogleUtilities/Environment
    - GoogleUtilities/Privacy
  - "GoogleUtilities/NSData+zlib (8.1.3)":
    - GoogleUtilities/Privacy
  - GoogleUtilities/Privacy (8.1.3)
  - GoogleUtilities/UserDefaults (8.1.3):
    - GoogleUtilities/Logger
    - GoogleUtilities/Privacy
  - PromisesObjC (2.4.1)
  - shared_preferences_foundation (0.0.1):
    - Flutter
    - FlutterMacOS
  - webview_flutter_wkwebview (0.0.1):
    - Flutter
    - FlutterMacOS

DEPENDENCIES:
  - audioplayers_darwin (from `.symlinks/plugins/audioplayers_darwin/darwin`)
  - firebase_core (from `.symlinks/plugins/firebase_core/ios`)
  - firebase_remote_config (from `.symlinks/plugins/firebase_remote_config/ios`)
  - Flutter (from `Flutter`)
  - google_mobile_ads (from `.symlinks/plugins/google_mobile_ads/ios`)
  - shared_preferences_foundation (from `.symlinks/plugins/shared_preferences_foundation/darwin`)
  - webview_flutter_wkwebview (from `.symlinks/plugins/webview_flutter_wkwebview/darwin`)

SPEC REPOS:
  trunk:
    - Firebase
    - FirebaseABTesting
    - FirebaseCore
    - FirebaseCoreInternal
    - FirebaseInstallations
    - FirebaseRemoteConfig
    - FirebaseRemoteConfigInterop
    - FirebaseSharedSwift
    - Google-Mobile-Ads-SDK
    - GoogleUserMessagingPlatform
    - GoogleUtilities
    - PromisesObjC

EXTERNAL SOURCES:
  audioplayers_darwin:
    :path: ".symlinks/plugins/audioplayers_darwin/darwin"
  firebase_core:
    :path: ".symlinks/plugins/firebase_core/ios"
  firebase_remote_config:
    :path: ".symlinks/plugins/firebase_remote_config/ios"
  Flutter:
    :path: Flutter
  google_mobile_ads:
    :path: ".symlinks/plugins/google_mobile_ads/ios"
  shared_preferences_foundation:
    :path: ".symlinks/plugins/shared_preferences_foundation/darwin"
  webview_flutter_wkwebview:
    :path: ".symlinks/plugins/webview_flutter_wkwebview/darwin"

SPEC CHECKSUMS:
  audioplayers_darwin: 835ced6edd4c9fc8ebb0a7cc9e294a91d99917d5
  Firebase: 5523dd53ebe603451b4e1befcd99fa20a5c015cd
  firebase_core: 22b31970001508f6e63945bedcb7b9de68819aa5
  firebase_remote_config: 990169a8da90a9622619cf94dbab7118156b3bf8
  FirebaseABTesting: 7060ad22592c1ae86cccf9cc0f886f470084cbd5
  FirebaseCore: 96787d19ee32dc2242cc487b301bc616afeb398b
  FirebaseCoreInternal: 93b2d5f9e184c6818a04433891c358b0720a6a38
  FirebaseInstallations: 933b2747e8594084c9117b65e8358fce29d7ced7
  FirebaseRemoteConfig: 263cc3d8306e5ec83727bca18fc245fb7027d3ca
  FirebaseRemoteConfigInterop: 3cbd659033c3129ea81a756a52e4bf1cfc20c3a7
  FirebaseSharedSwift: 9d9404eea60b650d3e549898bfebbb8f665fe601
  Flutter: cabc95a1d2626b1b06e7179b784ebcf0c0cde467
  Google-Mobile-Ads-SDK: cec761d0da669c462bcc19cd16c747498b9f39f7
  google_mobile_ads: 6b1c16497394528f4a59e76e2fc947cb32b101e2
  GoogleUserMessagingPlatform: befe603da6501006420c206222acd449bba45a9c
  GoogleUtilities: 4e0c2ad9fa0d0d18b5c4df8bf57b461cba35b0bb
  PromisesObjC: 752c3227f599e3467650e47ea36f433eeb10c273
  shared_preferences_foundation: 7036424c3d8ec98dfe75ff1667cb0cd531ec82bb
  webview_flutter_wkwebview: 8ebf4fded22593026f7dbff1fbff31ea98573c8d

PODFILE CHECKSUM: bae207a22e4ef4c956813a7567c8791a7ce9a26c

COCOAPODS: 1.17.0
